<?xml version="1.0" encoding="utf-8"?>
<Project ToolsVersion="4.0" xmlns="http://schemas.microsoft.com/developer/msbuild/2003">
  <ItemGroup>
    <Filter Include="EU5World">
      <UniqueIdentifier>{371d4cb5-643a-4b5e-ba4f-6f177c2dfefa}</UniqueIdentifier>
    </Filter>
    <Filter Include="Helpers">
      <UniqueIdentifier>{82320073-8d32-47d2-9aa5-f74f9799783a}</UniqueIdentifier>
    </Filter>
    <Filter Include="Mappers">
      <UniqueIdentifier>{187b5c13-d1a0-458f-b0fe-32dd8b551682}</UniqueIdentifier>
    </Filter>
    <Filter Include="Output">
      <UniqueIdentifier>{e226fd86-309b-4835-8a68-e47426f49359}</UniqueIdentifier>
    </Filter>
    <Filter Include="Output\outMetadataFile">
      <UniqueIdentifier>{f49d495d-2136-4302-9a08-8bcf86616b34}</UniqueIdentifier>
    </Filter>
    <Filter Include="Vic3World">
      <UniqueIdentifier>{664b836e-fd9c-465f-b07c-c6301efc8238}</UniqueIdentifier>
    </Filter>
    <Filter Include="Configuration">
      <UniqueIdentifier>{ee706bf8-01ff-4bce-94b2-cbb1564e1a0d}</UniqueIdentifier>
    </Filter>
    <Filter Include="EU5World\Loaders">
      <UniqueIdentifier>{1d4c37a6-1e56-47ef-8f62-a329edccdb39}</UniqueIdentifier>
    </Filter>
    <Filter Include="EU5World\Loaders\ModLoader">
      <UniqueIdentifier>{ca17ef5f-51c9-480f-be68-57812f4e6b99}</UniqueIdentifier>
    </Filter>
    <Filter Include="EU5World\ProvinceManager">
      <UniqueIdentifier>{6d621aa1-56e6-48e6-bc4d-d3194b081556}</UniqueIdentifier>
    </Filter>
    <Filter Include="EU5World\RegionManager">
      <UniqueIdentifier>{256048ad-d4f3-461b-b183-d432a6376cf5}</UniqueIdentifier>
    </Filter>
    <Filter Include="Mappers\SuperGroupMapper">
      <UniqueIdentifier>{5114ff40-8608-4a11-b17b-84054e4bba15}</UniqueIdentifier>
    </Filter>
    <Filter Include="EU5World\CountryManager">
      <UniqueIdentifier>{398391fb-546f-4bd2-b480-dfbbbd5f6a42}</UniqueIdentifier>
    </Filter>
    <Filter Include="EU5World\Loaders\CommonCountryLoader">
      <UniqueIdentifier>{9f8f9f7f-3f9f-4dc8-8da5-7536d783db3b}</UniqueIdentifier>
    </Filter>
    <Filter Include="EU5World\Loaders\EU5LocalizationLoader">
      <UniqueIdentifier>{f9b770b5-424d-47a8-aacb-06a47e888b46}</UniqueIdentifier>
    </Filter>
    <Filter Include="EU5World\Loaders\NamedColorsLoader">
      <UniqueIdentifier>{92fb2fca-9aa4-43fe-9453-bef7f7231d7e}</UniqueIdentifier>
    </Filter>
  </ItemGroup>
  <ItemGroup>
    <ClCompile Include="..\EU5ToVic3\Source\EU5World\World.cpp">
      <Filter>EU5World</Filter>
    </ClCompile>
    <ClCompile Include="..\EU5ToVic3\Source\Output\outWorld.cpp">
      <Filter>Output</Filter>
    </ClCompile>
    <ClCompile Include="..\EU5ToVic3\Source\Output\outMetadataFile\outMetadataFile.cpp">
      <Filter>Output\outMetadataFile</Filter>
    </ClCompile>
    <ClCompile Include="..\EU5ToVic3\Source\V3World\V3World.cpp">
      <Filter>Vic3World</Filter>
    </ClCompile>
    <ClCompile Include="..\EU5ToVic3\Source\EU5ToVic3Converter.cpp" />
    <ClCompile Include="..\EU5ToVic3\Source\Configuration\Configuration.cpp">
      <Filter>Configuration</Filter>
    </ClCompile>
    <ClCompile Include="..\EU5ToVic3\Source\EU5World\Loaders\ModLoader\ModNames.cpp">
      <Filter>EU5World\Loaders\ModLoader</Filter>
    </ClCompile>
    <ClCompile Include="..\EU5ToVic3\Source\EU5World\ProvinceManager\ProvinceManager.cpp">
      <Filter>EU5World\ProvinceManager</Filter>
    </ClCompile>
    <ClCompile Include="..\EU5ToVic3\Source\EU5World\ProvinceManager\EU5Location.cpp">
      <Filter>EU5World\ProvinceManager</Filter>
    </ClCompile>
    <ClCompile Include="..\EU5ToVic3\Source\EU5World\RegionManager\Area.cpp">
      <Filter>EU5World\RegionManager</Filter>
    </ClCompile>
    <ClCompile Include="..\EU5ToVic3\Source\EU5World\RegionManager\Province.cpp">
      <Filter>EU5World\RegionManager</Filter>
    </ClCompile>
    <ClCompile Include="..\EU5ToVic3\Source\EU5World\RegionManager\Region.cpp">
      <Filter>EU5World\RegionManager</Filter>
    </ClCompile>
    <ClCompile Include="..\EU5ToVic3\Source\EU5World\RegionManager\RegionManager.cpp">
      <Filter>EU5World\RegionManager</Filter>
    </ClCompile>
    <ClCompile Include="..\EU5ToVic3\Source\EU5World\RegionManager\SuperRegion.cpp">
      <Filter>EU5World\RegionManager</Filter>
    </ClCompile>
    <ClCompile Include="..\EU5ToVic3\Source\EU5World\RegionManager\Continent.cpp">
      <Filter>EU5World\RegionManager</Filter>
    </ClCompile>
    <ClCompile Include="..\EU5ToVic3\Source\Mappers\SuperGroupMapper\SuperGroupMapper.cpp">
      <Filter>Mappers\SuperGroupMapper</Filter>
    </ClCompile>
    <ClCompile Include="..\EU5ToVic3\Source\Mappers\SuperGroupMapper\SuperGroupParser.cpp">
      <Filter>Mappers\SuperGroupMapper</Filter>
    </ClCompile>
    <ClCompile Include="..\EU5ToVic3\Source\EU5World\CountryManager\EU5Country.cpp">
      <Filter>EU5World\CountryManager</Filter>
    </ClCompile>
    <ClCompile Include="..\EU5ToVic3\Source\EU5World\CountryManager\EU5CountryManager.cpp">
      <Filter>EU5World\CountryManager</Filter>
    </ClCompile>
    <ClCompile Include="..\EU5ToVic3\Source\EU5World\Loaders\CommonCountryLoader\CommonCountryLoader.cpp">
      <Filter>EU5World\Loaders\CommonCountryLoader</Filter>
    </ClCompile>
    <ClCompile Include="..\EU5ToVic3\Source\EU5World\Loaders\EU5LocalizationLoader\EU5LocalizationLoader.cpp">
      <Filter>EU5World\Loaders\EU5LocalizationLoader</Filter>
    </ClCompile>
    <ClCompile Include="..\EU5ToVic3\Source\EU5World\Loaders\NamedColorsLoader\NamedColorsLoader.cpp">
      <Filter>EU5World\Loaders\NamedColorsLoader</Filter>
    </ClCompile>
  </ItemGroup>
  <ItemGroup>
    <ClInclude Include="..\EU5ToVic3\Source\EU5World\World.h">
      <Filter>EU5World</Filter>
    </ClInclude>
    <ClInclude Include="..\EU5ToVic3\Source\Helpers\rakaly.h">
      <Filter>Helpers</Filter>
    </ClInclude>
    <ClInclude Include="..\EU5ToVic3\Source\Output\outWorld.h">
      <Filter>Output</Filter>
    </ClInclude>
    <ClInclude Include="..\EU5ToVic3\Source\Output\outMetadataFile\outMetadataFile.h">
      <Filter>Output\outMetadataFile</Filter>
    </ClInclude>
    <ClInclude Include="..\EU5ToVic3\Source\V3World\V3World.h">
      <Filter>Vic3World</Filter>
    </ClInclude>
    <ClInclude Include="..\EU5ToVic3\Source\EU5ToVic3Converter.h" />
    <ClInclude Include="..\EU5ToVic3\Source\Configuration\Configuration.h">
      <Filter>Configuration</Filter>
    </ClInclude>
    <ClInclude Include="..\EU5ToVic3\Source\Configuration\DatingData.h">
      <Filter>Configuration</Filter>
    </ClInclude>
    <ClInclude Include="..\EU5ToVic3\Source\EU5World\Loaders\ModLoader\ModNames.h">
      <Filter>EU5World\Loaders\ModLoader</Filter>
    </ClInclude>
    <ClInclude Include="..\EU5ToVic3\Source\EU5World\ProvinceManager\ProvinceManager.h">
      <Filter>EU5World\ProvinceManager</Filter>
    </ClInclude>
    <ClInclude Include="..\EU5ToVic3\Source\EU5World\ProvinceManager\EU5Location.h">
      <Filter>EU5World\ProvinceManager</Filter>
    </ClInclude>
    <ClInclude Include="..\EU5ToVic3\Source\EU5World\RegionManager\Area.h">
      <Filter>EU5World\RegionManager</Filter>
    </ClInclude>
    <ClInclude Include="..\EU5ToVic3\Source\EU5World\RegionManager\Province.h">
      <Filter>EU5World\RegionManager</Filter>
    </ClInclude>
    <ClInclude Include="..\EU5ToVic3\Source\EU5World\RegionManager\Region.h">
      <Filter>EU5World\RegionManager</Filter>
    </ClInclude>
    <ClInclude Include="..\EU5ToVic3\Source\EU5World\RegionManager\RegionManager.h">
      <Filter>EU5World\RegionManager</Filter>
    </ClInclude>
    <ClInclude Include="..\EU5ToVic3\Source\EU5World\RegionManager\SuperRegion.h">
      <Filter>EU5World\RegionManager</Filter>
    </ClInclude>
    <ClInclude Include="..\EU5ToVic3\Source\EU5World\RegionManager\Continent.h">
      <Filter>EU5World\RegionManager</Filter>
    </ClInclude>
    <ClInclude Include="..\EU5ToVic3\Source\Mappers\SuperGroupMapper\SuperGroupMapper.h">
      <Filter>Mappers\SuperGroupMapper</Filter>
    </ClInclude>
    <ClInclude Include="..\EU5ToVic3\Source\Mappers\SuperGroupMapper\SuperGroupParser.h">
      <Filter>Mappers\SuperGroupMapper</Filter>
    </ClInclude>
    <ClInclude Include="..\EU5ToVic3\Source\EU5World\CountryManager\EU5Country.h">
      <Filter>EU5World\CountryManager</Filter>
    </ClInclude>
    <ClInclude Include="..\EU5ToVic3\Source\EU5World\CountryManager\EU5CountryManager.h">
      <Filter>EU5World\CountryManager</Filter>
    </ClInclude>
    <ClInclude Include="..\EU5ToVic3\Source\EU5World\Loaders\CommonCountryLoader\CommonCountryLoader.h">
      <Filter>EU5World\Loaders\CommonCountryLoader</Filter>
    </ClInclude>
    <ClInclude Include="..\EU5ToVic3\Source\EU5World\Loaders\EU5LocalizationLoader\EU5LocalizationLoader.h">
      <Filter>EU5World\Loaders\EU5LocalizationLoader</Filter>
    </ClInclude>
    <ClInclude Include="..\EU5ToVic3\Source\EU5World\Loaders\NamedColorsLoader\NamedColorsLoader.h">
      <Filter>EU5World\Loaders\NamedColorsLoader</Filter>
    </ClInclude>
  </ItemGroup>
</Project>